// !$*UTF8*$!
{
	archiveVersion = 1;
	classes = {
	};
	objectVersion = 50;
	objects = {

/* Begin PBXBuildFile section */
		2A0EE1055ABF683FA07E57F9 /* Pods_WeatherApp.framework in Frameworks */ = {isa = PBXBuildFile; fileRef = 33C1B49FA9674898B4C6CA17 /* Pods_WeatherApp.framework */; };
		378CEE4D218D8EBA0053A740 /* AppDelegate.swift in Sources */ = {isa = PBXBuildFile; fileRef = 378CEE4C218D8EBA0053A740 /* AppDelegate.swift */; };
		378CEE52218D8EBA0053A740 /* Main.storyboard in Resources */ = {isa = PBXBuildFile; fileRef = 378CEE50218D8EBA0053A740 /* Main.storyboard */; };
		378CEE54218D8EBB0053A740 /* Assets.xcassets in Resources */ = {isa = PBXBuildFile; fileRef = 378CEE53218D8EBB0053A740 /* Assets.xcassets */; };
		378CEE57218D8EBB0053A740 /* LaunchScreen.storyboard in Resources */ = {isa = PBXBuildFile; fileRef = 378CEE55218D8EBB0053A740 /* LaunchScreen.storyboard */; };
		378CEE5F218E68470053A740 /* TableViewController.swift in Sources */ = {isa = PBXBuildFile; fileRef = 378CEE5E218E68470053A740 /* TableViewController.swift */; };
		378CEE61218E69D70053A740 /* TableViewCell.swift in Sources */ = {isa = PBXBuildFile; fileRef = 378CEE60218E69D70053A740 /* TableViewCell.swift */; };
		378CEE63218E7A400053A740 /* City.swift in Sources */ = {isa = PBXBuildFile; fileRef = 378CEE62218E7A400053A740 /* City.swift */; };
		378CEE65218E7B4D0053A740 /* Pref.swift in Sources */ = {isa = PBXBuildFile; fileRef = 378CEE64218E7B4D0053A740 /* Pref.swift */; };
		378CEE69218E8E070053A740 /* DetailViewController.swift in Sources */ = {isa = PBXBuildFile; fileRef = 378CEE68218E8E070053A740 /* DetailViewController.swift */; };
/* End PBXBuildFile section */

/* Begin PBXFileReference section */
		33C1B49FA9674898B4C6CA17 /* Pods_WeatherApp.framework */ = {isa = PBXFileReference; explicitFileType = wrapper.framework; includeInIndex = 0; path = Pods_WeatherApp.framework; sourceTree = BUILT_PRODUCTS_DIR; };
		378CEE49218D8EBA0053A740 /* WeatherApp.app */ = {isa = PBXFileReference; explicitFileType = wrapper.application; includeInIndex = 0; path = WeatherApp.app; sourceTree = BUILT_PRODUCTS_DIR; };
		378CEE4C218D8EBA0053A740 /* AppDelegate.swift */ = {isa = PBXFileReference; lastKnownFileType = sourcecode.swift; path = AppDelegate.swift; sourceTree = "<group>"; };
		378CEE51218D8EBA0053A740 /* Base */ = {isa = PBXFileReference; lastKnownFileType = file.storyboard; name = Base; path = Base.lproj/Main.storyboard; sourceTree = "<group>"; };
		378CEE53218D8EBB0053A740 /* Assets.xcassets */ = {isa = PBXFileReference; lastKnownFileType = folder.assetcatalog; path = Assets.xcassets; sourceTree = "<group>"; };
		378CEE56218D8EBB0053A740 /* Base */ = {isa = PBXFileReference; lastKnownFileType = file.storyboard; name = Base; path = Base.lproj/LaunchScreen.storyboard; sourceTree = "<group>"; };
		378CEE58218D8EBB0053A740 /* Info.plist */ = {isa = PBXFileReference; lastKnownFileType = text.plist.xml; path = Info.plist; sourceTree = "<group>"; };
		378CEE5E218E68470053A740 /* TableViewController.swift */ = {isa = PBXFileReference; lastKnownFileType = sourcecode.swift; path = TableViewController.swift; sourceTree = "<group>"; };
		378CEE60218E69D70053A740 /* TableViewCell.swift */ = {isa = PBXFileReference; lastKnownFileType = sourcecode.swift; path = TableViewCell.swift; sourceTree = "<group>"; };
		378CEE62218E7A400053A740 /* City.swift */ = {isa = PBXFileReference; lastKnownFileType = sourcecode.swift; path = City.swift; sourceTree = "<group>"; };
		378CEE64218E7B4D0053A740 /* Pref.swift */ = {isa = PBXFileReference; lastKnownFileType = sourcecode.swift; path = Pref.swift; sourceTree = "<group>"; };
		378CEE68218E8E070053A740 /* DetailViewController.swift */ = {isa = PBXFileReference; lastKnownFileType = sourcecode.swift; path = DetailViewController.swift; sourceTree = "<group>"; };
		7FDC7F22A6206474A4211C54 /* Pods-WeatherApp.debug.xcconfig */ = {isa = PBXFileReference; includeInIndex = 1; lastKnownFileType = text.xcconfig; name = "Pods-WeatherApp.debug.xcconfig"; path = "Pods/Target Support Files/Pods-WeatherApp/Pods-WeatherApp.debug.xcconfig"; sourceTree = "<group>"; };
		B3155B90EF36710C275AE69E /* Pods-WeatherApp.release.xcconfig */ = {isa = PBXFileReference; includeInIndex = 1; lastKnownFileType = text.xcconfig; name = "Pods-WeatherApp.release.xcconfig"; path = "Pods/Target Support Files/Pods-WeatherApp/Pods-WeatherApp.release.xcconfig"; sourceTree = "<group>"; };
/* End PBXFileReference section */

/* Begin PBXFrameworksBuildPhase section */
		378CEE46218D8EBA0053A740 /* Frameworks */ = {
			isa = PBXFrameworksBuildPhase;
			buildActionMask = 2147483647;
			files = (
				2A0EE1055ABF683FA07E57F9 /* Pods_WeatherApp.framework in Frameworks */,
			);
			runOnlyForDeploymentPostprocessing = 0;
		};
/* End PBXFrameworksBuildPhase section */

/* Begin PBXGroup section */
		06597BF550A7D56A4C11F2BC /* Frameworks */ = {
			isa = PBXGroup;
			children = (
				33C1B49FA9674898B4C6CA17 /* Pods_WeatherApp.framework */,
			);
			name = Frameworks;
			sourceTree = "<group>";
		};
		378CEE40218D8EBA0053A740 = {
			isa = PBXGroup;
			children = (
				378CEE4B218D8EBA0053A740 /* WeatherApp */,
				378CEE4A218D8EBA0053A740 /* Products */,
				A8B0A5E5DFF7D4CC840FE1FD /* Pods */,
				06597BF550A7D56A4C11F2BC /* Frameworks */,
			);
			sourceTree = "<group>";
		};
		378CEE4A218D8EBA0053A740 /* Products */ = {
			isa = PBXGroup;
			children = (
				378CEE49218D8EBA0053A740 /* WeatherApp.app */,
			);
			name = Products;
			sourceTree = "<group>";
		};
		378CEE4B218D8EBA0053A740 /* WeatherApp */ = {
			isa = PBXGroup;
			children = (
				378CEE4C218D8EBA0053A740 /* AppDelegate.swift */,
				378CEE50218D8EBA0053A740 /* Main.storyboard */,
				378CEE53218D8EBB0053A740 /* Assets.xcassets */,
				378CEE55218D8EBB0053A740 /* LaunchScreen.storyboard */,
				378CEE58218D8EBB0053A740 /* Info.plist */,
				378CEE5E218E68470053A740 /* TableViewController.swift */,
				378CEE60218E69D70053A740 /* TableViewCell.swift */,
				378CEE62218E7A400053A740 /* City.swift */,
				378CEE64218E7B4D0053A740 /* Pref.swift */,
				378CEE68218E8E070053A740 /* DetailViewController.swift */,
			);
			path = WeatherApp;
			sourceTree = "<group>";
		};
		A8B0A5E5DFF7D4CC840FE1FD /* Pods */ = {
			isa = PBXGroup;
			children = (
				7FDC7F22A6206474A4211C54 /* Pods-WeatherApp.debug.xcconfig */,
				B3155B90EF36710C275AE69E /* Pods-WeatherApp.release.xcconfig */,
			);
			name = Pods;
			sourceTree = "<group>";
		};
/* End PBXGroup section */

/* Begin PBXNativeTarget section */
		378CEE48218D8EBA0053A740 /* WeatherApp */ = {
			isa = PBXNativeTarget;
			buildConfigurationList = 378CEE5B218D8EBB0053A740 /* Build configuration list for PBXNativeTarget "WeatherApp" */;
			buildPhases = (
				C8421F52C81A9A33C8B90801 /* [CP] Check Pods Manifest.lock */,
				378CEE45218D8EBA0053A740 /* Sources */,
				378CEE46218D8EBA0053A740 /* Frameworks */,
				378CEE47218D8EBA0053A740 /* Resources */,
				6181F2FA62EC30BE0E738282 /* [CP] Embed Pods Frameworks */,
			);
			buildRules = (
			);
			dependencies = (
			);
			name = WeatherApp;
			productName = WeatherApp;
			productReference = 378CEE49218D8EBA0053A740 /* WeatherApp.app */;
			productType = "com.apple.product-type.application";
		};
/* End PBXNativeTarget section */

/* Begin PBXProject section */
		378CEE41218D8EBA0053A740 /* Project object */ = {
			isa = PBXProject;
			attributes = {
				LastSwiftUpdateCheck = 1000;
				LastUpgradeCheck = 1000;
				ORGANIZATIONNAME = shotaro;
				TargetAttributes = {
					378CEE48218D8EBA0053A740 = {
						CreatedOnToolsVersion = 10.0;
					};
				};
			};
			buildConfigurationList = 378CEE44218D8EBA0053A740 /* Build configuration list for PBXProject "WeatherApp" */;
			compatibilityVersion = "Xcode 9.3";
			developmentRegion = en;
			hasScannedForEncodings = 0;
			knownRegions = (
				en,
				Base,
			);
			mainGroup = 378CEE40218D8EBA0053A740;
			productRefGroup = 378CEE4A218D8EBA0053A740 /* Products */;
			projectDirPath = "";
			projectRoot = "";
			targets = (
				378CEE48218D8EBA0053A740 /* WeatherApp */,
			);
		};
/* End PBXProject section */

/* Begin PBXResourcesBuildPhase section */
		378CEE47218D8EBA0053A740 /* Resources */ = {
			isa = PBXResourcesBuildPhase;
			buildActionMask = 2147483647;
			files = (
				378CEE57218D8EBB0053A740 /* LaunchScreen.storyboard in Resources */,
				378CEE54218D8EBB0053A740 /* Assets.xcassets in Resources */,
				378CEE52218D8EBA0053A740 /* Main.storyboard in Resources */,
			);
			runOnlyForDeploymentPostprocessing = 0;
		};
/* End PBXResourcesBuildPhase section */

/* Begin PBXShellScriptBuildPhase section */
		6181F2FA62EC30BE0E738282 /* [CP] Embed Pods Frameworks */ = {
			isa = PBXShellScriptBuildPhase;
			buildActionMask = 2147483647;
			files = (
			);
			inputFileListPaths = (
			);
			inputPaths = (
				"${SRCROOT}/Pods/Target Support Files/Pods-WeatherApp/Pods-WeatherApp-frameworks.sh",
				"${BUILT_PRODUCTS_DIR}/Alamofire/Alamofire.framework",
				"${BUILT_PRODUCTS_DIR}/SDWebImage/SDWebImage.framework",
				"${BUILT_PRODUCTS_DIR}/SwiftyJSON/SwiftyJSON.framework",
			);
			name = "[CP] Embed Pods Frameworks";
			outputFileListPaths = (
			);
			outputPaths = (
				"${TARGET_BUILD_DIR}/${FRAMEWORKS_FOLDER_PATH}/Alamofire.framework",
				"${TARGET_BUILD_DIR}/${FRAMEWORKS_FOLDER_PATH}/SDWebImage.framework",
				"${TARGET_BUILD_DIR}/${FRAMEWORKS_FOLDER_PATH}/SwiftyJSON.framework",
			);
			runOnlyForDeploymentPostprocessing = 0;
			shellPath = /bin/sh;
			shellScript = "\"${SRCROOT}/Pods/Target Support Files/Pods-WeatherApp/Pods-WeatherApp-frameworks.sh\"\n";
			showEnvVarsInLog = 0;
		};
		C8421F52C81A9A33C8B90801 /* [CP] Check Pods Manifest.lock */ = {
			isa = PBXShellScriptBuildPhase;
			buildActionMask = 2147483647;
			files = (
			);
			inputFileListPaths = (
			);
			inputPaths = (
				"${PODS_PODFILE_DIR_PATH}/Podfile.lock",
				"${PODS_ROOT}/Manifest.lock",
			);
			name = "[CP] Check Pods Manifest.lock";
			outputFileListPaths = (
			);
			outputPaths = (
				"$(DERIVED_FILE_DIR)/Pods-WeatherApp-checkManifestLockResult.txt",
			);
			runOnlyForDeploymentPostprocessing = 0;
			shellPath = /bin/sh;
			shellScript = "diff \"${PODS_PODFILE_DIR_PATH}/Podfile.lock\" \"${PODS_ROOT}/Manifest.lock\" > /dev/null\nif [ $? != 0 ] ; then\n    # print error to STDERR\n    echo \"error: The sandbox is not in sync with the Podfile.lock. Run 'pod install' or update your CocoaPods installation.\" >&2\n    exit 1\nfi\n# This output is used by Xcode 'outputs' to avoid re-running this script phase.\necho \"SUCCESS\" > \"${SCRIPT_OUTPUT_FILE_0}\"\n";
			showEnvVarsInLog = 0;
		};
/* End PBXShellScriptBuildPhase section */

/* Begin PBXSourcesBuildPhase section */
		378CEE45218D8EBA0053A740 /* Sources */ = {
			isa = PBXSourcesBuildPhase;
			buildActionMask = 2147483647;
			files = (
				378CEE61218E69D70053A740 /* TableViewCell.swift in Sources */,
				378CEE65218E7B4D0053A740 /* Pref.swift in Sources */,
				378CEE4D218D8EBA0053A740 /* AppDelegate.swift in Sources */,
				378CEE69218E8E070053A740 /* DetailViewController.swift in Sources */,
				378CEE63218E7A400053A740 /* City.swift in Sources */,
				378CEE5F218E68470053A740 /* TableViewController.swift in Sources */,
			);
			runOnlyForDeploymentPostprocessing = 0;
		};
/* End PBXSourcesBuildPhase section */

/* Begin PBXVariantGroup section */
		378CEE50218D8EBA0053A740 /* Main.storyboard */ = {
			isa = PBXVariantGroup;
			children = (
				378CEE51218D8EBA0053A740 /* Base */,
			);
			name = Main.storyboard;
			sourceTree = "<group>";
		};
		378CEE55218D8EBB0053A740 /* LaunchScreen.storyboard */ = {
			isa = PBXVariantGroup;
			children = (
				378CEE56218D8EBB0053A740 /* Base */,
			);
			name = LaunchScreen.storyboard;
			sourceTree = "<group>";
		};
/* End PBXVariantGroup section */

/* Begin XCBuildConfiguration section */
		378CEE59218D8EBB0053A740 /* Debug */ = {
			isa = XCBuildConfiguration;
			buildSettings = {
				ALWAYS_SEARCH_USER_PATHS = NO;
				CLANG_ANALYZER_NONNULL = YES;
				CLANG_ANALYZER_NUMBER_OBJECT_CONVERSION = YES_AGGRESSIVE;
				CLANG_CXX_LANGUAGE_STANDARD = "gnu++14";
				CLANG_CXX_LIBRARY = "libc++";
				CLANG_ENABLE_MODULES = YES;
				CLANG_ENABLE_OBJC_ARC = YES;
				CLANG_ENABLE_OBJC_WEAK = YES;
				CLANG_WARN_BLOCK_CAPTURE_AUTORELEASING = YES;
				CLANG_WARN_BOOL_CONVERSION = YES;
				CLANG_WARN_COMMA = YES;
				CLANG_WARN_CONSTANT_CONVERSION = YES;
				CLANG_WARN_DEPRECATED_OBJC_IMPLEMENTATIONS = YES;
				CLANG_WARN_DIRECT_OBJC_ISA_USAGE = YES_ERROR;
				CLANG_WARN_DOCUMENTATION_COMMENTS = YES;
				CLANG_WARN_EMPTY_BODY = YES;
				CLANG_WARN_ENUM_CONVERSION = YES;
				CLANG_WARN_INFINITE_RECURSION = YES;
				CLANG_WARN_INT_CONVERSION = YES;
				CLANG_WARN_NON_LITERAL_NULL_CONVERSION = YES;
				CLANG_WARN_OBJC_IMPLICIT_RETAIN_SELF = YES;
				CLANG_WARN_OBJC_LITERAL_CONVERSION = YES;
				CLANG_WARN_OBJC_ROOT_CLASS = YES_ERROR;
				CLANG_WARN_RANGE_LOOP_ANALYSIS = YES;
				CLANG_WARN_STRICT_PROTOTYPES = YES;
				CLANG_WARN_SUSPICIOUS_MOVE = YES;
				CLANG_WARN_UNGUARDED_AVAILABILITY = YES_AGGRESSIVE;
				CLANG_WARN_UNREACHABLE_CODE = YES;
				CLANG_WARN__DUPLICATE_METHOD_MATCH = YES;
				CODE_SIGN_IDENTITY = "iPhone Developer";
				COPY_PHASE_STRIP = NO;
				DEBUG_INFORMATION_FORMAT = dwarf;
				ENABLE_STRICT_OBJC_MSGSEND = YES;
				ENABLE_TESTABILITY = YES;
				GCC_C_LANGUAGE_STANDARD = gnu11;
				GCC_DYNAMIC_NO_PIC = NO;
				GCC_NO_COMMON_BLOCKS = YES;
				GCC_OPTIMIZATION_LEVEL = 0;
				GCC_PREPROCESSOR_DEFINITIONS = (
					"DEBUG=1",
					"$(inherited)",
				);
				GCC_WARN_64_TO_32_BIT_CONVERSION = YES;
				GCC_WARN_ABOUT_RETURN_TYPE = YES_ERROR;
				GCC_WARN_UNDECLARED_SELECTOR = YES;
				GCC_WARN_UNINITIALIZED_AUTOS = YES_AGGRESSIVE;
				GCC_WARN_UNUSED_FUNCTION = YES;
				GCC_WARN_UNUSED_VARIABLE = YES;
				IPHONEOS_DEPLOYMENT_TARGET = 12.0;
				MTL_ENABLE_DEBUG_INFO = INCLUDE_SOURCE;
				MTL_FAST_MATH = YES;
				ONLY_ACTIVE_ARCH = YES;
				SDKROOT = iphoneos;
				SWIFT_ACTIVE_COMPILATION_CONDITIONS = DEBUG;
				SWIFT_OPTIMIZATION_LEVEL = "-Onone";
			};
			name = Debug;
		};
		378CEE5A218D8EBB0053A740 /* Release */ = {
			isa = XCBuildConfiguration;
			buildSettings = {
				ALWAYS_SEARCH_USER_PATHS = NO;
				CLANG_ANALYZER_NONNULL = YES;
				CLANG_ANALYZER_NUMBER_OBJECT_CONVERSION = YES_AGGRESSIVE;
				CLANG_CXX_LANGUAGE_STANDARD = "gnu++14";
				CLANG_CXX_LIBRARY = "libc++";
				CLANG_ENABLE_MODULES = YES;
				CLANG_ENABLE_OBJC_ARC = YES;
				CLANG_ENABLE_OBJC_WEAK = YES;
				CLANG_WARN_BLOCK_CAPTURE_AUTORELEASING = YES;
				CLANG_WARN_BOOL_CONVERSION = YES;
				CLANG_WARN_COMMA = YES;
				CLANG_WARN_CONSTANT_CONVERSION = YES;
				CLANG_WARN_DEPRECATED_OBJC_IMPLEMENTATIONS = YES;
				CLANG_WARN_DIRECT_OBJC_ISA_USAGE = YES_ERROR;
				CLANG_WARN_DOCUMENTATION_COMMENTS = YES;
				CLANG_WARN_EMPTY_BODY = YES;
				CLANG_WARN_ENUM_CONVERSION = YES;
				CLANG_WARN_INFINITE_RECURSION = YES;
				CLANG_WARN_INT_CONVERSION = YES;
				CLANG_WARN_NON_LITERAL_NULL_CONVERSION = YES;
				CLANG_WARN_OBJC_IMPLICIT_RETAIN_SELF = YES;
				CLANG_WARN_OBJC_LITERAL_CONVERSION = YES;
				CLANG_WARN_OBJC_ROOT_CLASS = YES_ERROR;
				CLANG_WARN_RANGE_LOOP_ANALYSIS = YES;
				CLANG_WARN_STRICT_PROTOTYPES = YES;
				CLANG_WARN_SUSPICIOUS_MOVE = YES;
				CLANG_WARN_UNGUARDED_AVAILABILITY = YES_AGGRESSIVE;
				CLANG_WARN_UNREACHABLE_CODE = YES;
				CLANG_WARN__DUPLICATE_METHOD_MATCH = YES;
				CODE_SIGN_IDENTITY = "iPhone Developer";
				COPY_PHASE_STRIP = NO;
				DEBUG_INFORMATION_FORMAT = "dwarf-with-dsym";
				ENABLE_NS_ASSERTIONS = NO;
				ENABLE_STRICT_OBJC_MSGSEND = YES;
				GCC_C_LANGUAGE_STANDARD = gnu11;
				GCC_NO_COMMON_BLOCKS = YES;
				GCC_WARN_64_TO_32_BIT_CONVERSION = YES;
				GCC_WARN_ABOUT_RETURN_TYPE = YES_ERROR;
				GCC_WARN_UNDECLARED_SELECTOR = YES;
				GCC_WARN_UNINITIALIZED_AUTOS = YES_AGGRESSIVE;
				GCC_WARN_UNUSED_FUNCTION = YES;
				GCC_WARN_UNUSED_VARIABLE = YES;
				IPHONEOS_DEPLOYMENT_TARGET = 12.0;
				MTL_ENABLE_DEBUG_INFO = NO;
				MTL_FAST_MATH = YES;
				SDKROOT = iphoneos;
				SWIFT_COMPILATION_MODE = wholemodule;
				SWIFT_OPTIMIZATION_LEVEL = "-O";
				VALIDATE_PRODUCT = YES;
			};
			name = Release;
		};
		378CEE5C218D8EBB0053A740 /* Debug */ = {
			isa = XCBuildConfiguration;
			baseConfigurationReference = 7FDC7F22A6206474A4211C54 /* Pods-WeatherApp.debug.xcconfig */;
			buildSettings = {
				ASSETCATALOG_COMPILER_APPICON_NAME = AppIcon;
				CODE_SIGN_STYLE = Automatic;
				DEVELOPMENT_TEAM = M82FLD6C75;
				INFOPLIST_FILE = WeatherApp/Info.plist;
				LD_RUNPATH_SEARCH_PATHS = (
					"$(inherited)",
					"@executable_path/Frameworks",
				);
				PRODUCT_BUNDLE_IDENTIFIER = net.shotaroooe.WeatherApp;
				PRODUCT_NAME = "$(TARGET_NAME)";
				SWIFT_VERSION = 4.2;
				TARGETED_DEVICE_FAMILY = "1,2";
			};
			name = Debug;
		};
		378CEE5D218D8EBB0053A740 /* Release */ = {
			isa = XCBuildConfiguration;
			baseConfigurationReference = B3155B90EF36710C275AE69E /* Pods-WeatherApp.release.xcconfig */;
			buildSettings = {
				ASSETCATALOG_COMPILER_APPICON_NAME = AppIcon;
				CODE_SIGN_STYLE = Automatic;
				DEVELOPMENT_TEAM = M82FLD6C75;
				INFOPLIST_FILE = WeatherApp/Info.plist;
				LD_RUNPATH_SEARCH_PATHS = (
					"$(inherited)",
					"@executable_path/Frameworks",
				);
				PRODUCT_BUNDLE_IDENTIFIER = net.shotaroooe.WeatherApp;
				PRODUCT_NAME = "$(TARGET_NAME)";
				SWIFT_VERSION = 4.2;
				TARGETED_DEVICE_FAMILY = "1,2";
			};
			name = Release;
		};
/* End XCBuildConfiguration section */

/* Begin XCConfigurationList section */
		378CEE44218D8EBA0053A740 /* Build configuration list for PBXProject "WeatherApp" */ = {
			isa = XCConfigurationList;
			buildConfigurations = (
				378CEE59218D8EBB0053A740 /* Debug */,
				378CEE5A218D8EBB0053A740 /* Release */,
			);
			defaultConfigurationIsVisible = 0;
			defaultConfigurationName = Release;
		};
		378CEE5B218D8EBB0053A740 /* Build configuration list for PBXNativeTarget "WeatherApp" */ = {
			isa = XCConfigurationList;
			buildConfigurations = (
				378CEE5C218D8EBB0053A740 /* Debug */,
				378CEE5D218D8EBB0053A740 /* Release */,
			);
			defaultConfigurationIsVisible = 0;
			defaultConfigurationName = Release;
		};
/* End XCConfigurationList section */
	};
	rootObject = 378CEE41218D8EBA0053A740 /* Project object */;
}
